
Microsoft Visual Studio Solution File, Format Version 12.00
# Visual Studio Version 17
VisualStudioVersion = 17.9.34714.143
MinimumVisualStudioVersion = 10.0.40219.1
Project("{8BC9CEB8-8B4A-11D0-8D11-00A0C91BC942}") = "Task3.2", "Task3.2\Task3.2.vcxproj", "{42ADF3B9-ECD8-416C-887F-6D406ED679F0}"
EndProject
Global
	GlobalSection(SolutionConfigurationPlatforms) = preSolution
		Debug|x64 = Debug|x64
		Debug|x86 = Debug|x86
		Release|x64 = Release|x64
		Release|x86 = Release|x86
	EndGlobalSection
	GlobalSection(ProjectConfigurationPlatforms) = postSolution
		{42ADF3B9-ECD8-416C-887F-6D406ED679F0}.Debug|x64.ActiveCfg = Debug|x64
		{42ADF3B9-ECD8-416C-887F-6D406ED679F0}.Debug|x64.Build.0 = Debug|x64
		{42ADF3B9-ECD8-416C-887F-6D406ED679F0}.Debug|x86.ActiveCfg = Debug|Win32
		{42ADF3B9-ECD8-416C-887F-6D406ED679F0}.Debug|x86.Build.0 = Debug|Win32
		{42ADF3B9-ECD8-416C-887F-6D406ED679F0}.Release|x64.ActiveCfg = Release|x64
		{42ADF3B9-ECD8-416C-887F-6D406ED679F0}.Release|x64.Build.0 = Release|x64
		{42ADF3B9-ECD8-416C-887F-6D406ED679F0}.Release|x86.ActiveCfg = Release|Win32
		{42ADF3B9-ECD8-416C-887F-6D406ED679F0}.Release|x86.Build.0 = Release|Win32
	EndGlobalSection
	GlobalSection(SolutionProperties) = preSolution
		HideSolutionNode = FALSE
	EndGlobalSection
	GlobalSection(ExtensibilityGlobals) = postSolution
		SolutionGuid = {CA05FEEA-81B1-4E93-92F8-221FF295CAF6}
	EndGlobalSection
EndGlobal
