<?xml version="1.0" encoding="utf-8"?>
<Project ToolsVersion="4.0" xmlns="http://schemas.microsoft.com/developer/msbuild/2003">
  <ItemGroup>
    <Filter Include="Исходные файлы">
      <UniqueIdentifier>{4FC737F1-C7A5-4376-A066-2A32D752A2FF}</UniqueIdentifier>
      <Extensions>cpp;c;cc;cxx;c++;cppm;ixx;def;odl;idl;hpj;bat;asm;asmx</Extensions>
    </Filter>
    <Filter Include="Файлы заголовков">
      <UniqueIdentifier>{93995380-89BD-4b04-88EB-625FBE52EBFB}</UniqueIdentifier>
      <Extensions>h;hh;hpp;hxx;h++;hm;inl;inc;ipp;xsd</Extensions>
    </Filter>
    <Filter Include="Файлы ресурсов">
      <UniqueIdentifier>{67DA6AB6-F800-4c08-8B7A-83BB121AAD01}</UniqueIdentifier>
      <Extensions>rc;ico;cur;bmp;dlg;rc2;rct;bin;rgs;gif;jpg;jpeg;jpe;resx;tiff;tif;png;wav;mfcribbon-ms</Extensions>
    </Filter>
  </ItemGroup>
  <ItemGroup>
    <ClCompile Include="camel.cpp">
      <Filter>Исходные файлы</Filter>
    </ClCompile>
    <ClCompile Include="landVehicle.cpp">
      <Filter>Исходные файлы</Filter>
    </ClCompile>
    <ClCompile Include="vehicle.cpp">
      <Filter>Исходные файлы</Filter>
    </ClCompile>
    <ClCompile Include="camelWalker.cpp">
      <Filter>Исходные файлы</Filter>
    </ClCompile>
    <ClCompile Include="invalidTypeException.cpp">
      <Filter>Исходные файлы</Filter>
    </ClCompile>
    <ClCompile Include="centaur.cpp">
      <Filter>Исходные файлы</Filter>
    </ClCompile>
    <ClCompile Include="allTerrainBootsr.cpp">
      <Filter>Исходные файлы</Filter>
    </ClCompile>
    <ClCompile Include="airVehicle.cpp">
      <Filter>Исходные файлы</Filter>
    </ClCompile>
    <ClCompile Include="magicCarpet.cpp">
      <Filter>Исходные файлы</Filter>
    </ClCompile>
    <ClCompile Include="eagle.cpp">
      <Filter>Исходные файлы</Filter>
    </ClCompile>
    <ClCompile Include="broom.cpp">
      <Filter>Исходные файлы</Filter>
    </ClCompile>
    <ClCompile Include="invalidRaceDistanceException.cpp">
      <Filter>Исходные файлы</Filter>
    </ClCompile>
    <ClCompile Include="race.cpp">
      <Filter>Исходные файлы</Filter>
    </ClCompile>
    <ClCompile Include="raceForLandTransport.cpp">
      <Filter>Исходные файлы</Filter>
    </ClCompile>
    <ClCompile Include="raceForAirTransport.cpp">
      <Filter>Исходные файлы</Filter>
    </ClCompile>
    <ClCompile Include="raceForLandAndAirTransport.cpp">
      <Filter>Исходные файлы</Filter>
    </ClCompile>
  </ItemGroup>
  <ItemGroup>
    <ClInclude Include="camel.h">
      <Filter>Файлы заголовков</Filter>
    </ClInclude>
    <ClInclude Include="landVehicle.h">
      <Filter>Файлы заголовков</Filter>
    </ClInclude>
    <ClInclude Include="vehicle.h">
      <Filter>Файлы заголовков</Filter>
    </ClInclude>
    <ClInclude Include="camelWalker.h">
      <Filter>Файлы заголовков</Filter>
    </ClInclude>
    <ClInclude Include="race.h">
      <Filter>Файлы заголовков</Filter>
    </ClInclude>
    <ClInclude Include="enumRace.h">
      <Filter>Файлы заголовков</Filter>
    </ClInclude>
    <ClInclude Include="invalidTypeException.h">
      <Filter>Файлы заголовков</Filter>
    </ClInclude>
    <ClInclude Include="centaur.h">
      <Filter>Файлы заголовков</Filter>
    </ClInclude>
    <ClInclude Include="allTerrainBoots.h">
      <Filter>Файлы заголовков</Filter>
    </ClInclude>
    <ClInclude Include="airVehicle.h">
      <Filter>Файлы заголовков</Filter>
    </ClInclude>
    <ClInclude Include="magicCarpet.h">
      <Filter>Файлы заголовков</Filter>
    </ClInclude>
    <ClInclude Include="eagle.h">
      <Filter>Файлы заголовков</Filter>
    </ClInclude>
    <ClInclude Include="broom.h">
      <Filter>Файлы заголовков</Filter>
    </ClInclude>
    <ClInclude Include="invalidRaceDistanceException.h">
      <Filter>Файлы заголовков</Filter>
    </ClInclude>
    <ClInclude Include="raceForLandTransport.h">
      <Filter>Файлы заголовков</Filter>
    </ClInclude>
    <ClInclude Include="enumMenu.h">
      <Filter>Файлы заголовков</Filter>
    </ClInclude>
    <ClInclude Include="enumVehicle.h">
      <Filter>Файлы заголовков</Filter>
    </ClInclude>
    <ClInclude Include="raceForAirTransport.h">
      <Filter>Файлы заголовков</Filter>
    </ClInclude>
    <ClInclude Include="raceForLandAndAirTransport.h">
      <Filter>Файлы заголовков</Filter>
    </ClInclude>
    <ClInclude Include="enumOneMoreRaceOrExit.h">
      <Filter>Файлы заголовков</Filter>
    </ClInclude>
  </ItemGroup>
</Project>